
Microsoft Visual Studio Solution File, Format Version 12.00
# Visual Studio Version 16
VisualStudioVersion = 16.0.30011.22
MinimumVisualStudioVersion = 10.0.40219.1
Project("{FAE04EC0-301F-11D3-BF4B-00C04F79EFBC}") = "MyFirstShop.Core", "MyFirstShop.Core\MyFirstShop.Core.csproj", "{CE2FEADA-7A61-4562-B73D-D56D93937BEA}"
EndProject
Project("{FAE04EC0-301F-11D3-BF4B-00C04F79EFBC}") = "MyFirstShop.Services", "MyFirstShop.Services\MyFirstShop.Services.csproj", "{60202B4B-AFC9-43F8-B36F-BF27824AF1DC}"
EndProject
Project("{FAE04EC0-301F-11D3-BF4B-00C04F79EFBC}") = "MyFirstShop.DataAccess.SQL", "MyFirstShop.DataAccess.SQL\MyFirstShop.DataAccess.SQL.csproj", "{5040606D-1122-4BA0-B25D-BADB3099B094}"
EndProject
Project("{FAE04EC0-301F-11D3-BF4B-00C04F79EFBC}") = "MyFirstShop.DataAccess.InMemory", "MyFirstShop.DataAccess.InMemory\MyFirstShop.DataAccess.InMemory.csproj", "{C7B66FFF-3A66-42F5-8CE1-C1420550410B}"
EndProject
Project("{FAE04EC0-301F-11D3-BF4B-00C04F79EFBC}") = "MyFirstShop.Web.UI", "MyFirstShop.Web.UI\MyFirstShop.Web.UI.csproj", "{EBF8D67D-7E7F-44AF-A1A9-8BD6DF3EE9D2}"
EndProject
Project("{FAE04EC0-301F-11D3-BF4B-00C04F79EFBC}") = "MyFirstShop.Web.UI.Tests", "MyFirstShop.Web.UI.Tests\MyFirstShop.Web.UI.Tests.csproj", "{A713F54A-AD81-45F1-80CC-4D0E0628EE6F}"
EndProject
Global
	GlobalSection(SolutionConfigurationPlatforms) = preSolution
		Debug|Any CPU = Debug|Any CPU
		Release|Any CPU = Release|Any CPU
	EndGlobalSection
	GlobalSection(ProjectConfigurationPlatforms) = postSolution
		{CE2FEADA-7A61-4562-B73D-D56D93937BEA}.Debug|Any CPU.ActiveCfg = Debug|Any CPU
		{CE2FEADA-7A61-4562-B73D-D56D93937BEA}.Debug|Any CPU.Build.0 = Debug|Any CPU
		{CE2FEADA-7A61-4562-B73D-D56D93937BEA}.Release|Any CPU.ActiveCfg = Release|Any CPU
		{CE2FEADA-7A61-4562-B73D-D56D93937BEA}.Release|Any CPU.Build.0 = Release|Any CPU
		{60202B4B-AFC9-43F8-B36F-BF27824AF1DC}.Debug|Any CPU.ActiveCfg = Debug|Any CPU
		{60202B4B-AFC9-43F8-B36F-BF27824AF1DC}.Debug|Any CPU.Build.0 = Debug|Any CPU
		{60202B4B-AFC9-43F8-B36F-BF27824AF1DC}.Release|Any CPU.ActiveCfg = Release|Any CPU
		{60202B4B-AFC9-43F8-B36F-BF27824AF1DC}.Release|Any CPU.Build.0 = Release|Any CPU
		{5040606D-1122-4BA0-B25D-BADB3099B094}.Debug|Any CPU.ActiveCfg = Debug|Any CPU
		{5040606D-1122-4BA0-B25D-BADB3099B094}.Debug|Any CPU.Build.0 = Debug|Any CPU
		{5040606D-1122-4BA0-B25D-BADB3099B094}.Release|Any CPU.ActiveCfg = Release|Any CPU
		{5040606D-1122-4BA0-B25D-BADB3099B094}.Release|Any CPU.Build.0 = Release|Any CPU
		{C7B66FFF-3A66-42F5-8CE1-C1420550410B}.Debug|Any CPU.ActiveCfg = Debug|Any CPU
		{C7B66FFF-3A66-42F5-8CE1-C1420550410B}.Debug|Any CPU.Build.0 = Debug|Any CPU
		{C7B66FFF-3A66-42F5-8CE1-C1420550410B}.Release|Any CPU.ActiveCfg = Release|Any CPU
		{C7B66FFF-3A66-42F5-8CE1-C1420550410B}.Release|Any CPU.Build.0 = Release|Any CPU
		{EBF8D67D-7E7F-44AF-A1A9-8BD6DF3EE9D2}.Debug|Any CPU.ActiveCfg = Debug|Any CPU
		{EBF8D67D-7E7F-44AF-A1A9-8BD6DF3EE9D2}.Debug|Any CPU.Build.0 = Debug|Any CPU
		{EBF8D67D-7E7F-44AF-A1A9-8BD6DF3EE9D2}.Release|Any CPU.ActiveCfg = Release|Any CPU
		{EBF8D67D-7E7F-44AF-A1A9-8BD6DF3EE9D2}.Release|Any CPU.Build.0 = Release|Any CPU
		{A713F54A-AD81-45F1-80CC-4D0E0628EE6F}.Debug|Any CPU.ActiveCfg = Debug|Any CPU
		{A713F54A-AD81-45F1-80CC-4D0E0628EE6F}.Debug|Any CPU.Build.0 = Debug|Any CPU
		{A713F54A-AD81-45F1-80CC-4D0E0628EE6F}.Release|Any CPU.ActiveCfg = Release|Any CPU
		{A713F54A-AD81-45F1-80CC-4D0E0628EE6F}.Release|Any CPU.Build.0 = Release|Any CPU
	EndGlobalSection
	GlobalSection(SolutionProperties) = preSolution
		HideSolutionNode = FALSE
	EndGlobalSection
	GlobalSection(ExtensibilityGlobals) = postSolution
		SolutionGuid = {E304D0E4-C4FD-47BB-A8F6-8B191EE6D041}
	EndGlobalSection
EndGlobal
